
Microsoft Visual Studio Solution File, Format Version 12.00
# Visual Studio Version 17
VisualStudioVersion = 17.5.33516.290
MinimumVisualStudioVersion = 10.0.40219.1
Project("{8BC9CEB8-8B4A-11D0-8D11-00A0C91BC942}") = "Exercise4.5", "Exercise4.5\Exercise4.5.vcxproj", "{5A84640C-E563-4B37-BA36-5FE30056CCD7}"
EndProject
Global
	GlobalSection(SolutionConfigurationPlatforms) = preSolution
		Debug|x64 = Debug|x64
		Debug|x86 = Debug|x86
		Release|x64 = Release|x64
		Release|x86 = Release|x86
	EndGlobalSection
	GlobalSection(ProjectConfigurationPlatforms) = postSolution
		{5A84640C-E563-4B37-BA36-5FE30056CCD7}.Debug|x64.ActiveCfg = Debug|x64
		{5A84640C-E563-4B37-BA36-5FE30056CCD7}.Debug|x64.Build.0 = Debug|x64
		{5A84640C-E563-4B37-BA36-5FE30056CCD7}.Debug|x86.ActiveCfg = Debug|Win32
		{5A84640C-E563-4B37-BA36-5FE30056CCD7}.Debug|x86.Build.0 = Debug|Win32
		{5A84640C-E563-4B37-BA36-5FE30056CCD7}.Release|x64.ActiveCfg = Release|x64
		{5A84640C-E563-4B37-BA36-5FE30056CCD7}.Release|x64.Build.0 = Release|x64
		{5A84640C-E563-4B37-BA36-5FE30056CCD7}.Release|x86.ActiveCfg = Release|Win32
		{5A84640C-E563-4B37-BA36-5FE30056CCD7}.Release|x86.Build.0 = Release|Win32
	EndGlobalSection
	GlobalSection(SolutionProperties) = preSolution
		HideSolutionNode = FALSE
	EndGlobalSection
	GlobalSection(ExtensibilityGlobals) = postSolution
		SolutionGuid = {48DB8487-8ACB-435F-9CCD-AA449894E4D4}
	EndGlobalSection
EndGlobal
