
Microsoft Visual Studio Solution File, Format Version 12.00
# Visual Studio Version 17
VisualStudioVersion = 17.5.33516.290
MinimumVisualStudioVersion = 10.0.40219.1
Project("{8BC9CEB8-8B4A-11D0-8D11-00A0C91BC942}") = "QuadraticCalculator", "QuadraticCalculator\QuadraticCalculator.vcxproj", "{93B8419D-48A0-4BE9-A26D-27F1F17D9997}"
EndProject
Global
	GlobalSection(SolutionConfigurationPlatforms) = preSolution
		Debug|x64 = Debug|x64
		Debug|x86 = Debug|x86
		Release|x64 = Release|x64
		Release|x86 = Release|x86
	EndGlobalSection
	GlobalSection(ProjectConfigurationPlatforms) = postSolution
		{93B8419D-48A0-4BE9-A26D-27F1F17D9997}.Debug|x64.ActiveCfg = Debug|x64
		{93B8419D-48A0-4BE9-A26D-27F1F17D9997}.Debug|x64.Build.0 = Debug|x64
		{93B8419D-48A0-4BE9-A26D-27F1F17D9997}.Debug|x86.ActiveCfg = Debug|Win32
		{93B8419D-48A0-4BE9-A26D-27F1F17D9997}.Debug|x86.Build.0 = Debug|Win32
		{93B8419D-48A0-4BE9-A26D-27F1F17D9997}.Release|x64.ActiveCfg = Release|x64
		{93B8419D-48A0-4BE9-A26D-27F1F17D9997}.Release|x64.Build.0 = Release|x64
		{93B8419D-48A0-4BE9-A26D-27F1F17D9997}.Release|x86.ActiveCfg = Release|Win32
		{93B8419D-48A0-4BE9-A26D-27F1F17D9997}.Release|x86.Build.0 = Release|Win32
	EndGlobalSection
	GlobalSection(SolutionProperties) = preSolution
		HideSolutionNode = FALSE
	EndGlobalSection
	GlobalSection(ExtensibilityGlobals) = postSolution
		SolutionGuid = {8011CAC8-3BE1-473B-8D7D-A4A1A5BF0494}
	EndGlobalSection
EndGlobal
