
Microsoft Visual Studio Solution File, Format Version 12.00
# Visual Studio Version 17
VisualStudioVersion = 17.5.33516.290
MinimumVisualStudioVersion = 10.0.40219.1
Project("{8BC9CEB8-8B4A-11D0-8D11-00A0C91BC942}") = "dateValuePairs", "dateValuePairs\dateValuePairs.vcxproj", "{CC084924-E65D-4F51-8A06-50A248B40033}"
EndProject
Global
	GlobalSection(SolutionConfigurationPlatforms) = preSolution
		Debug|x64 = Debug|x64
		Debug|x86 = Debug|x86
		Release|x64 = Release|x64
		Release|x86 = Release|x86
	EndGlobalSection
	GlobalSection(ProjectConfigurationPlatforms) = postSolution
		{CC084924-E65D-4F51-8A06-50A248B40033}.Debug|x64.ActiveCfg = Debug|x64
		{CC084924-E65D-4F51-8A06-50A248B40033}.Debug|x64.Build.0 = Debug|x64
		{CC084924-E65D-4F51-8A06-50A248B40033}.Debug|x86.ActiveCfg = Debug|Win32
		{CC084924-E65D-4F51-8A06-50A248B40033}.Debug|x86.Build.0 = Debug|Win32
		{CC084924-E65D-4F51-8A06-50A248B40033}.Release|x64.ActiveCfg = Release|x64
		{CC084924-E65D-4F51-8A06-50A248B40033}.Release|x64.Build.0 = Release|x64
		{CC084924-E65D-4F51-8A06-50A248B40033}.Release|x86.ActiveCfg = Release|Win32
		{CC084924-E65D-4F51-8A06-50A248B40033}.Release|x86.Build.0 = Release|Win32
	EndGlobalSection
	GlobalSection(SolutionProperties) = preSolution
		HideSolutionNode = FALSE
	EndGlobalSection
	GlobalSection(ExtensibilityGlobals) = postSolution
		SolutionGuid = {613EEE0C-815C-4F5F-9227-2BC5DE78B658}
	EndGlobalSection
EndGlobal
